// !$*UTF8*$!
{
	archiveVersion = 1;
	classes = {
	};
	objectVersion = 46;
	objects = {

/* Begin PBXBuildFile section */
		995AD0921DCDEBE90026ABB7 /* AppDelegate.swift in Sources */ = {isa = PBXBuildFile; fileRef = 995AD0911DCDEBE90026ABB7 /* AppDelegate.swift */; };
		995AD0941DCDEBE90026ABB7 /* Assets.xcassets in Resources */ = {isa = PBXBuildFile; fileRef = 995AD0931DCDEBE90026ABB7 /* Assets.xcassets */; };
		995AD0971DCDEBE90026ABB7 /* MainMenu.xib in Resources */ = {isa = PBXBuildFile; fileRef = 995AD0951DCDEBE90026ABB7 /* MainMenu.xib */; };
/* End PBXBuildFile section */

/* Begin PBXFileReference section */
		995AD08E1DCDEBE90026ABB7 /* HelpScout.app */ = {isa = PBXFileReference; explicitFileType = wrapper.application; includeInIndex = 0; path = HelpScout.app; sourceTree = BUILT_PRODUCTS_DIR; };
		995AD0911DCDEBE90026ABB7 /* AppDelegate.swift */ = {isa = PBXFileReference; lastKnownFileType = sourcecode.swift; path = AppDelegate.swift; sourceTree = "<group>"; };
		995AD0931DCDEBE90026ABB7 /* Assets.xcassets */ = {isa = PBXFileReference; lastKnownFileType = folder.assetcatalog; path = Assets.xcassets; sourceTree = "<group>"; };
		995AD0961DCDEBE90026ABB7 /* Base */ = {isa = PBXFileReference; lastKnownFileType = file.xib; name = Base; path = Base.lproj/MainMenu.xib; sourceTree = "<group>"; };
		995AD0981DCDEBE90026ABB7 /* Info.plist */ = {isa = PBXFileReference; lastKnownFileType = text.plist.xml; path = Info.plist; sourceTree = "<group>"; };
/* End PBXFileReference section */

/* Begin PBXFrameworksBuildPhase section */
		995AD08B1DCDEBE90026ABB7 /* Frameworks */ = {
			isa = PBXFrameworksBuildPhase;
			buildActionMask = 2147483647;
			files = (
			);
			runOnlyForDeploymentPostprocessing = 0;
		};
/* End PBXFrameworksBuildPhase section */

/* Begin PBXGroup section */
		995AD0851DCDEBE90026ABB7 = {
			isa = PBXGroup;
			children = (
				995AD0901DCDEBE90026ABB7 /* HelpScout */,
				995AD08F1DCDEBE90026ABB7 /* Products */,
			);
			sourceTree = "<group>";
		};
		995AD08F1DCDEBE90026ABB7 /* Products */ = {
			isa = PBXGroup;
			children = (
				995AD08E1DCDEBE90026ABB7 /* HelpScout.app */,
			);
			name = Products;
			sourceTree = "<group>";
		};
		995AD0901DCDEBE90026ABB7 /* HelpScout */ = {
			isa = PBXGroup;
			children = (
				995AD0911DCDEBE90026ABB7 /* AppDelegate.swift */,
				995AD0931DCDEBE90026ABB7 /* Assets.xcassets */,
				995AD0951DCDEBE90026ABB7 /* MainMenu.xib */,
				995AD0981DCDEBE90026ABB7 /* Info.plist */,
			);
			path = HelpScout;
			sourceTree = "<group>";
		};
/* End PBXGroup section */

/* Begin PBXNativeTarget section */
		995AD08D1DCDEBE90026ABB7 /* HelpScout */ = {
			isa = PBXNativeTarget;
			buildConfigurationList = 995AD09B1DCDEBE90026ABB7 /* Build configuration list for PBXNativeTarget "HelpScout" */;
			buildPhases = (
				995AD08A1DCDEBE90026ABB7 /* Sources */,
				995AD08B1DCDEBE90026ABB7 /* Frameworks */,
				995AD08C1DCDEBE90026ABB7 /* Resources */,
			);
			buildRules = (
			);
			dependencies = (
			);
			name = HelpScout;
			productName = HelpScout;
			productReference = 995AD08E1DCDEBE90026ABB7 /* HelpScout.app */;
			productType = "com.apple.product-type.application";
		};
/* End PBXNativeTarget section */

/* Begin PBXProject section */
		995AD0861DCDEBE90026ABB7 /* Project object */ = {
			isa = PBXProject;
			attributes = {
				LastSwiftUpdateCheck = 0810;
				LastUpgradeCheck = 0810;
				ORGANIZATIONNAME = "Vojtech Rinik";
				TargetAttributes = {
					995AD08D1DCDEBE90026ABB7 = {
						CreatedOnToolsVersion = 8.1;
						DevelopmentTeam = XJ2BNVV9H2;
						ProvisioningStyle = Automatic;
					};
				};
			};
			buildConfigurationList = 995AD0891DCDEBE90026ABB7 /* Build configuration list for PBXProject "HelpScout" */;
			compatibilityVersion = "Xcode 3.2";
			developmentRegion = English;
			hasScannedForEncodings = 0;
			knownRegions = (
				en,
				Base,
			);
			mainGroup = 995AD0851DCDEBE90026ABB7;
			productRefGroup = 995AD08F1DCDEBE90026ABB7 /* Products */;
			projectDirPath = "";
			projectRoot = "";
			targets = (
				995AD08D1DCDEBE90026ABB7 /* HelpScout */,
			);
		};
/* End PBXProject section */

/* Begin PBXResourcesBuildPhase section */
		995AD08C1DCDEBE90026ABB7 /* Resources */ = {
			isa = PBXResourcesBuildPhase;
			buildActionMask = 2147483647;
			files = (
				995AD0941DCDEBE90026ABB7 /* Assets.xcassets in Resources */,
				995AD0971DCDEBE90026ABB7 /* MainMenu.xib in Resources */,
			);
			runOnlyForDeploymentPostprocessing = 0;
		};
/* End PBXResourcesBuildPhase section */

/* Begin PBXSourcesBuildPhase section */
		995AD08A1DCDEBE90026ABB7 /* Sources */ = {
			isa = PBXSourcesBuildPhase;
			buildActionMask = 2147483647;
			files = (
				995AD0921DCDEBE90026ABB7 /* AppDelegate.swift in Sources */,
			);
			runOnlyForDeploymentPostprocessing = 0;
		};
/* End PBXSourcesBuildPhase section */

/* Begin PBXVariantGroup section */
		995AD0951DCDEBE90026ABB7 /* MainMenu.xib */ = {
			isa = PBXVariantGroup;
			children = (
				995AD0961DCDEBE90026ABB7 /* Base */,
			);
			name = MainMenu.xib;
			sourceTree = "<group>";
		};
/* End PBXVariantGroup section */

/* Begin XCBuildConfiguration section */
		995AD0991DCDEBE90026ABB7 /* Debug */ = {
			isa = XCBuildConfiguration;
			buildSettings = {
				ALWAYS_SEARCH_USER_PATHS = NO;
				CLANG_ANALYZER_NONNULL = YES;
				CLANG_CXX_LANGUAGE_STANDARD = "gnu++0x";
				CLANG_CXX_LIBRARY = "libc++";
				CLANG_ENABLE_MODULES = YES;
				CLANG_ENABLE_OBJC_ARC = YES;
				CLANG_WARN_BOOL_CONVERSION = YES;
				CLANG_WARN_CONSTANT_CONVERSION = YES;
				CLANG_WARN_DIRECT_OBJC_ISA_USAGE = YES_ERROR;
				CLANG_WARN_DOCUMENTATION_COMMENTS = YES;
				CLANG_WARN_EMPTY_BODY = YES;
				CLANG_WARN_ENUM_CONVERSION = YES;
				CLANG_WARN_INFINITE_RECURSION = YES;
				CLANG_WARN_INT_CONVERSION = YES;
				CLANG_WARN_OBJC_ROOT_CLASS = YES_ERROR;
				CLANG_WARN_SUSPICIOUS_MOVES = YES;
				CLANG_WARN_UNREACHABLE_CODE = YES;
				CLANG_WARN__DUPLICATE_METHOD_MATCH = YES;
				CODE_SIGN_IDENTITY = "-";
				COPY_PHASE_STRIP = NO;
				DEBUG_INFORMATION_FORMAT = dwarf;
				ENABLE_STRICT_OBJC_MSGSEND = YES;
				ENABLE_TESTABILITY = YES;
				GCC_C_LANGUAGE_STANDARD = gnu99;
				GCC_DYNAMIC_NO_PIC = NO;
				GCC_NO_COMMON_BLOCKS = YES;
				GCC_OPTIMIZATION_LEVEL = 0;
				GCC_PREPROCESSOR_DEFINITIONS = (
					"DEBUG=1",
					"$(inherited)",
				);
				GCC_WARN_64_TO_32_BIT_CONVERSION = YES;
				GCC_WARN_ABOUT_RETURN_TYPE = YES_ERROR;
				GCC_WARN_UNDECLARED_SELECTOR = YES;
				GCC_WARN_UNINITIALIZED_AUTOS = YES_AGGRESSIVE;
				GCC_WARN_UNUSED_FUNCTION = YES;
				GCC_WARN_UNUSED_VARIABLE = YES;
				MACOSX_DEPLOYMENT_TARGET = 10.12;
				MTL_ENABLE_DEBUG_INFO = YES;
				ONLY_ACTIVE_ARCH = YES;
				SDKROOT = macosx;
				SWIFT_ACTIVE_COMPILATION_CONDITIONS = DEBUG;
				SWIFT_OPTIMIZATION_LEVEL = "-Onone";
			};
			name = Debug;
		};
		995AD09A1DCDEBE90026ABB7 /* Release */ = {
			isa = XCBuildConfiguration;
			buildSettings = {
				ALWAYS_SEARCH_USER_PATHS = NO;
				CLANG_ANALYZER_NONNULL = YES;
				CLANG_CXX_LANGUAGE_STANDARD = "gnu++0x";
				CLANG_CXX_LIBRARY = "libc++";
				CLANG_ENABLE_MODULES = YES;
				CLANG_ENABLE_OBJC_ARC = YES;
				CLANG_WARN_BOOL_CONVERSION = YES;
				CLANG_WARN_CONSTANT_CONVERSION = YES;
				CLANG_WARN_DIRECT_OBJC_ISA_USAGE = YES_ERROR;
				CLANG_WARN_DOCUMENTATION_COMMENTS = YES;
				CLANG_WARN_EMPTY_BODY = YES;
				CLANG_WARN_ENUM_CONVERSION = YES;
				CLANG_WARN_INFINITE_RECURSION = YES;
				CLANG_WARN_INT_CONVERSION = YES;
				CLANG_WARN_OBJC_ROOT_CLASS = YES_ERROR;
				CLANG_WARN_SUSPICIOUS_MOVES = YES;
				CLANG_WARN_UNREACHABLE_CODE = YES;
				CLANG_WARN__DUPLICATE_METHOD_MATCH = YES;
				CODE_SIGN_IDENTITY = "-";
				COPY_PHASE_STRIP = NO;
				DEBUG_INFORMATION_FORMAT = "dwarf-with-dsym";
				ENABLE_NS_ASSERTIONS = NO;
				ENABLE_STRICT_OBJC_MSGSEND = YES;
				GCC_C_LANGUAGE_STANDARD = gnu99;
				GCC_NO_COMMON_BLOCKS = YES;
				GCC_WARN_64_TO_32_BIT_CONVERSION = YES;
				GCC_WARN_ABOUT_RETURN_TYPE = YES_ERROR;
				GCC_WARN_UNDECLARED_SELECTOR = YES;
				GCC_WARN_UNINITIALIZED_AUTOS = YES_AGGRESSIVE;
				GCC_WARN_UNUSED_FUNCTION = YES;
				GCC_WARN_UNUSED_VARIABLE = YES;
				MACOSX_DEPLOYMENT_TARGET = 10.12;
				MTL_ENABLE_DEBUG_INFO = NO;
				SDKROOT = macosx;
				SWIFT_OPTIMIZATION_LEVEL = "-Owholemodule";
			};
			name = Release;
		};
		995AD09C1DCDEBE90026ABB7 /* Debug */ = {
			isa = XCBuildConfiguration;
			buildSettings = {
				ASSETCATALOG_COMPILER_APPICON_NAME = AppIcon;
				COMBINE_HIDPI_IMAGES = YES;
				DEVELOPMENT_TEAM = XJ2BNVV9H2;
				INFOPLIST_FILE = HelpScout/Info.plist;
				LD_RUNPATH_SEARCH_PATHS = "$(inherited) @executable_path/../Frameworks";
				PRODUCT_BUNDLE_IDENTIFIER = tech.median.HelpScout;
				PRODUCT_NAME = "$(TARGET_NAME)";
				SWIFT_VERSION = 3.0;
			};
			name = Debug;
		};
		995AD09D1DCDEBE90026ABB7 /* Release */ = {
			isa = XCBuildConfiguration;
			buildSettings = {
				ASSETCATALOG_COMPILER_APPICON_NAME = AppIcon;
				COMBINE_HIDPI_IMAGES = YES;
				DEVELOPMENT_TEAM = XJ2BNVV9H2;
				INFOPLIST_FILE = HelpScout/Info.plist;
				LD_RUNPATH_SEARCH_PATHS = "$(inherited) @executable_path/../Frameworks";
				PRODUCT_BUNDLE_IDENTIFIER = tech.median.HelpScout;
				PRODUCT_NAME = "$(TARGET_NAME)";
				SWIFT_VERSION = 3.0;
			};
			name = Release;
		};
/* End XCBuildConfiguration section */

/* Begin XCConfigurationList section */
		995AD0891DCDEBE90026ABB7 /* Build configuration list for PBXProject "HelpScout" */ = {
			isa = XCConfigurationList;
			buildConfigurations = (
				995AD0991DCDEBE90026ABB7 /* Debug */,
				995AD09A1DCDEBE90026ABB7 /* Release */,
			);
			defaultConfigurationIsVisible = 0;
			defaultConfigurationName = Release;
		};
		995AD09B1DCDEBE90026ABB7 /* Build configuration list for PBXNativeTarget "HelpScout" */ = {
			isa = XCConfigurationList;
			buildConfigurations = (
				995AD09C1DCDEBE90026ABB7 /* Debug */,
				995AD09D1DCDEBE90026ABB7 /* Release */,
			);
			defaultConfigurationIsVisible = 0;
		};
/* End XCConfigurationList section */
	};
	rootObject = 995AD0861DCDEBE90026ABB7 /* Project object */;
}
